
Microsoft Visual Studio Solution File, Format Version 12.00
# Visual Studio Version 17
VisualStudioVersion = 17.4.33122.133
MinimumVisualStudioVersion = 10.0.40219.1
Project("{9A19103F-16F7-4668-BE54-9A1E7A4F7556}") = "ItreeNet", "ItreeNet\ItreeNet.csproj", "{D50EF577-6FED-4B50-9AAC-B9BB4CE21A05}"
EndProject
Global
	GlobalSection(SolutionConfigurationPlatforms) = preSolution
		Debug|Any CPU = Debug|Any CPU
		Release|Any CPU = Release|Any CPU
	EndGlobalSection
	GlobalSection(ProjectConfigurationPlatforms) = postSolution
		{D50EF577-6FED-4B50-9AAC-B9BB4CE21A05}.Debug|Any CPU.ActiveCfg = Debug|Any CPU
		{D50EF577-6FED-4B50-9AAC-B9BB4CE21A05}.Debug|Any CPU.Build.0 = Debug|Any CPU
		{D50EF577-6FED-4B50-9AAC-B9BB4CE21A05}.Release|Any CPU.ActiveCfg = Release|Any CPU
		{D50EF577-6FED-4B50-9AAC-B9BB4CE21A05}.Release|Any CPU.Build.0 = Release|Any CPU
	EndGlobalSection
	GlobalSection(SolutionProperties) = preSolution
		HideSolutionNode = FALSE
	EndGlobalSection
	GlobalSection(ExtensibilityGlobals) = postSolution
		SolutionGuid = {3DFB120E-EF8E-415D-A623-F53F0751834E}
	EndGlobalSection
EndGlobal
